{
  "name": "state-machine",
  "version": "0.0.1",
  "lockfileVersion": 2,
  "requires": true,
  "packages": {
    "": {
      "name": "state-machine",
      "version": "0.0.1",
      "license": "ISC",
      "dependencies": {
        "xstate": "^4.6.7"
      }
    },
    "node_modules/xstate": {
      "version": "4.33.6",
      "resolved": "https://registry.npmjs.org/xstate/-/xstate-4.33.6.tgz",
      "integrity": "sha512-A5R4fsVKADWogK2a43ssu8Fz1AF077SfrKP1ZNyDBD8lNa/l4zfR//Luofp5GSWehOQr36Jp0k2z7b+sH2ivyg==",
      "funding": {
        "type": "opencollective",
        "url": "https://opencollective.com/xstate"
      }
    }
  },
  "dependencies": {
    "xstate": {
      "version": "4.33.6",
      "resolved": "https://registry.npmjs.org/xstate/-/xstate-4.33.6.tgz",
      "integrity": "sha512-A5R4fsVKADWogK2a43ssu8Fz1AF077SfrKP1ZNyDBD8lNa/l4zfR//Luofp5GSWehOQr36Jp0k2z7b+sH2ivyg=="
    }
  }
}
